
Microsoft Visual Studio Solution File, Format Version 12.00
# Visual Studio 15
VisualStudioVersion = 15.0.27428.2043
MinimumVisualStudioVersion = 10.0.40219.1
Project("{888888A0-9F3D-457C-B088-3A5042F75D52}") = "FlaskWebProject1", "FlaskWebProject1\FlaskWebProject1.pyproj", "{E7412515-CC19-40A0-97CD-542824CB49A6}"
EndProject
Global
	GlobalSection(SolutionConfigurationPlatforms) = preSolution
		Debug|Any CPU = Debug|Any CPU
		Release|Any CPU = Release|Any CPU
	EndGlobalSection
	GlobalSection(ProjectConfigurationPlatforms) = postSolution
		{E7412515-CC19-40A0-97CD-542824CB49A6}.Debug|Any CPU.ActiveCfg = Debug|Any CPU
		{E7412515-CC19-40A0-97CD-542824CB49A6}.Debug|Any CPU.Build.0 = Debug|Any CPU
		{E7412515-CC19-40A0-97CD-542824CB49A6}.Release|Any CPU.ActiveCfg = Release|Any CPU
		{E7412515-CC19-40A0-97CD-542824CB49A6}.Release|Any CPU.Build.0 = Release|Any CPU
	EndGlobalSection
	GlobalSection(SolutionProperties) = preSolution
		HideSolutionNode = FALSE
	EndGlobalSection
	GlobalSection(ExtensibilityGlobals) = postSolution
		SolutionGuid = {0CC6990D-E4CD-4974-A83A-E586C7B4DAEA}
	EndGlobalSection
EndGlobal
